
Microsoft Visual Studio Solution File, Format Version 12.00
# Visual Studio Version 16
VisualStudioVersion = 16.0.31005.135
MinimumVisualStudioVersion = 10.0.40219.1
Project("{FAE04EC0-301F-11D3-BF4B-00C04F79EFBC}") = "Guilded Rose", "Guilded Rose\Guilded Rose.csproj", "{05CA1FB0-7442-414D-AB7F-FB808EF138E4}"
EndProject
Project("{FAE04EC0-301F-11D3-BF4B-00C04F79EFBC}") = "TestGildedRose", "TestGildedRose\TestGildedRose.csproj", "{5D5CAE54-E70B-40D5-AA80-76699E9DF0BA}"
EndProject
Global
	GlobalSection(SolutionConfigurationPlatforms) = preSolution
		Debug|Any CPU = Debug|Any CPU
		Release|Any CPU = Release|Any CPU
	EndGlobalSection
	GlobalSection(ProjectConfigurationPlatforms) = postSolution
		{05CA1FB0-7442-414D-AB7F-FB808EF138E4}.Debug|Any CPU.ActiveCfg = Debug|Any CPU
		{05CA1FB0-7442-414D-AB7F-FB808EF138E4}.Debug|Any CPU.Build.0 = Debug|Any CPU
		{05CA1FB0-7442-414D-AB7F-FB808EF138E4}.Release|Any CPU.ActiveCfg = Release|Any CPU
		{05CA1FB0-7442-414D-AB7F-FB808EF138E4}.Release|Any CPU.Build.0 = Release|Any CPU
		{5D5CAE54-E70B-40D5-AA80-76699E9DF0BA}.Debug|Any CPU.ActiveCfg = Debug|Any CPU
		{5D5CAE54-E70B-40D5-AA80-76699E9DF0BA}.Debug|Any CPU.Build.0 = Debug|Any CPU
		{5D5CAE54-E70B-40D5-AA80-76699E9DF0BA}.Release|Any CPU.ActiveCfg = Release|Any CPU
		{5D5CAE54-E70B-40D5-AA80-76699E9DF0BA}.Release|Any CPU.Build.0 = Release|Any CPU
	EndGlobalSection
	GlobalSection(SolutionProperties) = preSolution
		HideSolutionNode = FALSE
	EndGlobalSection
	GlobalSection(ExtensibilityGlobals) = postSolution
		SolutionGuid = {D2147E61-AD4A-420A-878E-A07C07EA95A5}
	EndGlobalSection
EndGlobal
